
Microsoft Visual Studio Solution File, Format Version 12.00
Project("{FAE04EC0-301F-11D3-BF4B-00C04F79EFBC}") = "Itogi", "Itogi\Itogi.csproj", "{F58071A2-AE83-4FD7-AE37-8D3E9EA7582E}"
EndProject
Global
	GlobalSection(SolutionConfigurationPlatforms) = preSolution
		Debug|Any CPU = Debug|Any CPU
		Release|Any CPU = Release|Any CPU
	EndGlobalSection
	GlobalSection(ProjectConfigurationPlatforms) = postSolution
		{F58071A2-AE83-4FD7-AE37-8D3E9EA7582E}.Debug|Any CPU.ActiveCfg = Debug|Any CPU
		{F58071A2-AE83-4FD7-AE37-8D3E9EA7582E}.Debug|Any CPU.Build.0 = Debug|Any CPU
		{F58071A2-AE83-4FD7-AE37-8D3E9EA7582E}.Release|Any CPU.ActiveCfg = Release|Any CPU
		{F58071A2-AE83-4FD7-AE37-8D3E9EA7582E}.Release|Any CPU.Build.0 = Release|Any CPU
	EndGlobalSection
EndGlobal
